
Microsoft Visual Studio Solution File, Format Version 12.00
# Visual Studio Version 17
VisualStudioVersion = 17.4.33122.133
MinimumVisualStudioVersion = 10.0.40219.1
Project("{8BC9CEB8-8B4A-11D0-8D11-00A0C91BC942}") = "ut3proxy", "ut3proxy.vcxproj", "{664071AC-98F1-482E-98E3-A17B40E5C56C}"
EndProject
Global
	GlobalSection(SolutionConfigurationPlatforms) = preSolution
		Debug|x64 = Debug|x64
		Debug|x86 = Debug|x86
		Release|x64 = Release|x64
		Release|x86 = Release|x86
	EndGlobalSection
	GlobalSection(ProjectConfigurationPlatforms) = postSolution
		{664071AC-98F1-482E-98E3-A17B40E5C56C}.Debug|x64.ActiveCfg = Debug|x64
		{664071AC-98F1-482E-98E3-A17B40E5C56C}.Debug|x64.Build.0 = Debug|x64
		{664071AC-98F1-482E-98E3-A17B40E5C56C}.Debug|x86.ActiveCfg = Debug|Win32
		{664071AC-98F1-482E-98E3-A17B40E5C56C}.Debug|x86.Build.0 = Debug|Win32
		{664071AC-98F1-482E-98E3-A17B40E5C56C}.Release|x64.ActiveCfg = Release|x64
		{664071AC-98F1-482E-98E3-A17B40E5C56C}.Release|x64.Build.0 = Release|x64
		{664071AC-98F1-482E-98E3-A17B40E5C56C}.Release|x86.ActiveCfg = Release|Win32
		{664071AC-98F1-482E-98E3-A17B40E5C56C}.Release|x86.Build.0 = Release|Win32
	EndGlobalSection
	GlobalSection(SolutionProperties) = preSolution
		HideSolutionNode = FALSE
	EndGlobalSection
	GlobalSection(ExtensibilityGlobals) = postSolution
		SolutionGuid = {4CC3348F-5911-4D87-85C1-D752F6EDFE74}
	EndGlobalSection
EndGlobal
